// !$*UTF8*$!
{
	archiveVersion = 1;
	classes = {
	};
	objectVersion = 48;
	objects = {

/* Begin PBXBuildFile section */
		5C6FC66F1FB6200B00F131BD /* APIRequestOperation.swift in Sources */ = {isa = PBXBuildFile; fileRef = 5C6FC66E1FB6200B00F131BD /* APIRequestOperation.swift */; };
		5C6FC6731FB63D0C00F131BD /* APIRequest.swift in Sources */ = {isa = PBXBuildFile; fileRef = 5C6FC6721FB63D0C00F131BD /* APIRequest.swift */; };
		5C6FC6751FB64BA100F131BD /* Operation.swift in Sources */ = {isa = PBXBuildFile; fileRef = 5C6FC6741FB64BA100F131BD /* Operation.swift */; };
		5C6FC6771FB64C4D00F131BD /* HTTP.swift in Sources */ = {isa = PBXBuildFile; fileRef = 5C6FC6761FB64C4D00F131BD /* HTTP.swift */; };
		5C6FC6791FB64DDC00F131BD /* ChampionRequests.swift in Sources */ = {isa = PBXBuildFile; fileRef = 5C6FC6781FB64DDC00F131BD /* ChampionRequests.swift */; };
		5C6FC67C1FB655E100F131BD /* OurDecoders.swift in Sources */ = {isa = PBXBuildFile; fileRef = 5C6FC67B1FB655E100F131BD /* OurDecoders.swift */; };
		5C6FC67F1FB6573B00F131BD /* ChampionService.swift in Sources */ = {isa = PBXBuildFile; fileRef = 5C6FC67E1FB6573B00F131BD /* ChampionService.swift */; };
		A5138F971FC4DE10000EE42A /* Post.swift in Sources */ = {isa = PBXBuildFile; fileRef = A5138F961FC4DE10000EE42A /* Post.swift */; };
		A5138F991FC4DF7A000EE42A /* User.swift in Sources */ = {isa = PBXBuildFile; fileRef = A5138F981FC4DF7A000EE42A /* User.swift */; };
		A5138F9B1FC5F1B4000EE42A /* ArtifactSkeleton.swift in Sources */ = {isa = PBXBuildFile; fileRef = A5138F9A1FC5F1B4000EE42A /* ArtifactSkeleton.swift */; };
		A5138F9D1FC5F6B6000EE42A /* feedPost.json in Resources */ = {isa = PBXBuildFile; fileRef = A5138F9C1FC5F6B6000EE42A /* feedPost.json */; };
		A5138F9F1FC5F6C8000EE42A /* spacePost.json in Resources */ = {isa = PBXBuildFile; fileRef = A5138F9E1FC5F6C8000EE42A /* spacePost.json */; };
		A5138FA11FC6032C000EE42A /* MarkupToken.swift in Sources */ = {isa = PBXBuildFile; fileRef = A5138FA01FC6032C000EE42A /* MarkupToken.swift */; };
		A5138FA31FC63277000EE42A /* space.json in Resources */ = {isa = PBXBuildFile; fileRef = A5138FA21FC63277000EE42A /* space.json */; };
		A5B8736C1FBCAFBA00F78443 /* ProgramSection.swift in Sources */ = {isa = PBXBuildFile; fileRef = A5B8736B1FBCAFBA00F78443 /* ProgramSection.swift */; };
		A5B873701FBCB02900F78443 /* Review.swift in Sources */ = {isa = PBXBuildFile; fileRef = A5B8736F1FBCB02900F78443 /* Review.swift */; };
		A5B873721FBCB0DF00F78443 /* MediaSkeleton.swift in Sources */ = {isa = PBXBuildFile; fileRef = A5B873711FBCB0DF00F78443 /* MediaSkeleton.swift */; };
		A5B8737F1FBCB14800F78443 /* DateFormatter+Extensions.swift in Sources */ = {isa = PBXBuildFile; fileRef = A5B8737C1FBCB14800F78443 /* DateFormatter+Extensions.swift */; };
		A5B873801FBCB14800F78443 /* UIColor+Extensions.swift in Sources */ = {isa = PBXBuildFile; fileRef = A5B8737D1FBCB14800F78443 /* UIColor+Extensions.swift */; };
		A5B873811FBCB14800F78443 /* URL+Extensions.swift in Sources */ = {isa = PBXBuildFile; fileRef = A5B8737E1FBCB14800F78443 /* URL+Extensions.swift */; };
		A5BD5AA01FB3A71C005105A0 /* AppDelegate.swift in Sources */ = {isa = PBXBuildFile; fileRef = A5BD5A9F1FB3A71C005105A0 /* AppDelegate.swift */; };
		A5BD5AA21FB3A71C005105A0 /* ViewController.swift in Sources */ = {isa = PBXBuildFile; fileRef = A5BD5AA11FB3A71C005105A0 /* ViewController.swift */; };
		A5BD5AA51FB3A71C005105A0 /* Main.storyboard in Resources */ = {isa = PBXBuildFile; fileRef = A5BD5AA31FB3A71C005105A0 /* Main.storyboard */; };
		A5BD5AA71FB3A71C005105A0 /* Assets.xcassets in Resources */ = {isa = PBXBuildFile; fileRef = A5BD5AA61FB3A71C005105A0 /* Assets.xcassets */; };
		A5BD5AAA1FB3A71C005105A0 /* LaunchScreen.storyboard in Resources */ = {isa = PBXBuildFile; fileRef = A5BD5AA81FB3A71C005105A0 /* LaunchScreen.storyboard */; };
		A5BD5AB21FB3A746005105A0 /* Image.swift in Sources */ = {isa = PBXBuildFile; fileRef = A5BD5AB11FB3A746005105A0 /* Image.swift */; };
		A5BD5AB41FB3A82C005105A0 /* Champion.swift in Sources */ = {isa = PBXBuildFile; fileRef = A5BD5AB31FB3A82C005105A0 /* Champion.swift */; };
		A5D55E481FB4F58600B387AF /* champion.json in Resources */ = {isa = PBXBuildFile; fileRef = A5D55E471FB4F58600B387AF /* champion.json */; };
		A5D55E4A1FB5050900B387AF /* program.json in Resources */ = {isa = PBXBuildFile; fileRef = A5D55E491FB5050800B387AF /* program.json */; };
		A5D55E4C1FB5083100B387AF /* Program.swift in Sources */ = {isa = PBXBuildFile; fileRef = A5D55E4B1FB5083100B387AF /* Program.swift */; };
/* End PBXBuildFile section */

/* Begin PBXFileReference section */
		5C6FC66E1FB6200B00F131BD /* APIRequestOperation.swift */ = {isa = PBXFileReference; lastKnownFileType = sourcecode.swift; path = APIRequestOperation.swift; sourceTree = "<group>"; };
		5C6FC6721FB63D0C00F131BD /* APIRequest.swift */ = {isa = PBXFileReference; lastKnownFileType = sourcecode.swift; path = APIRequest.swift; sourceTree = "<group>"; };
		5C6FC6741FB64BA100F131BD /* Operation.swift */ = {isa = PBXFileReference; lastKnownFileType = sourcecode.swift; path = Operation.swift; sourceTree = "<group>"; };
		5C6FC6761FB64C4D00F131BD /* HTTP.swift */ = {isa = PBXFileReference; lastKnownFileType = sourcecode.swift; path = HTTP.swift; sourceTree = "<group>"; };
		5C6FC6781FB64DDC00F131BD /* ChampionRequests.swift */ = {isa = PBXFileReference; lastKnownFileType = sourcecode.swift; path = ChampionRequests.swift; sourceTree = "<group>"; };
		5C6FC67B1FB655E100F131BD /* OurDecoders.swift */ = {isa = PBXFileReference; lastKnownFileType = sourcecode.swift; path = OurDecoders.swift; sourceTree = "<group>"; };
		5C6FC67E1FB6573B00F131BD /* ChampionService.swift */ = {isa = PBXFileReference; lastKnownFileType = sourcecode.swift; path = ChampionService.swift; sourceTree = "<group>"; };
		A5138F961FC4DE10000EE42A /* Post.swift */ = {isa = PBXFileReference; lastKnownFileType = sourcecode.swift; path = Post.swift; sourceTree = "<group>"; };
		A5138F981FC4DF7A000EE42A /* User.swift */ = {isa = PBXFileReference; lastKnownFileType = sourcecode.swift; path = User.swift; sourceTree = "<group>"; };
		A5138F9A1FC5F1B4000EE42A /* ArtifactSkeleton.swift */ = {isa = PBXFileReference; lastKnownFileType = sourcecode.swift; path = ArtifactSkeleton.swift; sourceTree = "<group>"; };
		A5138F9C1FC5F6B6000EE42A /* feedPost.json */ = {isa = PBXFileReference; lastKnownFileType = text.json; path = feedPost.json; sourceTree = "<group>"; };
		A5138F9E1FC5F6C8000EE42A /* spacePost.json */ = {isa = PBXFileReference; lastKnownFileType = text.json; path = spacePost.json; sourceTree = "<group>"; };
		A5138FA01FC6032C000EE42A /* MarkupToken.swift */ = {isa = PBXFileReference; lastKnownFileType = sourcecode.swift; path = MarkupToken.swift; sourceTree = "<group>"; };
		A5138FA21FC63277000EE42A /* space.json */ = {isa = PBXFileReference; lastKnownFileType = text.json; path = space.json; sourceTree = "<group>"; };
		A5B8736B1FBCAFBA00F78443 /* ProgramSection.swift */ = {isa = PBXFileReference; fileEncoding = 4; lastKnownFileType = sourcecode.swift; path = ProgramSection.swift; sourceTree = "<group>"; };
		A5B8736F1FBCB02900F78443 /* Review.swift */ = {isa = PBXFileReference; fileEncoding = 4; lastKnownFileType = sourcecode.swift; path = Review.swift; sourceTree = "<group>"; };
		A5B873711FBCB0DF00F78443 /* MediaSkeleton.swift */ = {isa = PBXFileReference; lastKnownFileType = sourcecode.swift; path = MediaSkeleton.swift; sourceTree = "<group>"; };
		A5B8737C1FBCB14800F78443 /* DateFormatter+Extensions.swift */ = {isa = PBXFileReference; fileEncoding = 4; lastKnownFileType = sourcecode.swift; path = "DateFormatter+Extensions.swift"; sourceTree = "<group>"; };
		A5B8737D1FBCB14800F78443 /* UIColor+Extensions.swift */ = {isa = PBXFileReference; fileEncoding = 4; lastKnownFileType = sourcecode.swift; path = "UIColor+Extensions.swift"; sourceTree = "<group>"; };
		A5B8737E1FBCB14800F78443 /* URL+Extensions.swift */ = {isa = PBXFileReference; fileEncoding = 4; lastKnownFileType = sourcecode.swift; path = "URL+Extensions.swift"; sourceTree = "<group>"; };
		A5BD5A9C1FB3A71C005105A0 /* CodableExample.app */ = {isa = PBXFileReference; explicitFileType = wrapper.application; includeInIndex = 0; path = CodableExample.app; sourceTree = BUILT_PRODUCTS_DIR; };
		A5BD5A9F1FB3A71C005105A0 /* AppDelegate.swift */ = {isa = PBXFileReference; lastKnownFileType = sourcecode.swift; path = AppDelegate.swift; sourceTree = "<group>"; };
		A5BD5AA11FB3A71C005105A0 /* ViewController.swift */ = {isa = PBXFileReference; lastKnownFileType = sourcecode.swift; path = ViewController.swift; sourceTree = "<group>"; };
		A5BD5AA41FB3A71C005105A0 /* Base */ = {isa = PBXFileReference; lastKnownFileType = file.storyboard; name = Base; path = Base.lproj/Main.storyboard; sourceTree = "<group>"; };
		A5BD5AA61FB3A71C005105A0 /* Assets.xcassets */ = {isa = PBXFileReference; lastKnownFileType = folder.assetcatalog; path = Assets.xcassets; sourceTree = "<group>"; };
		A5BD5AA91FB3A71C005105A0 /* Base */ = {isa = PBXFileReference; lastKnownFileType = file.storyboard; name = Base; path = Base.lproj/LaunchScreen.storyboard; sourceTree = "<group>"; };
		A5BD5AAB1FB3A71C005105A0 /* Info.plist */ = {isa = PBXFileReference; lastKnownFileType = text.plist.xml; path = Info.plist; sourceTree = "<group>"; };
		A5BD5AB11FB3A746005105A0 /* Image.swift */ = {isa = PBXFileReference; lastKnownFileType = sourcecode.swift; path = Image.swift; sourceTree = "<group>"; };
		A5BD5AB31FB3A82C005105A0 /* Champion.swift */ = {isa = PBXFileReference; lastKnownFileType = sourcecode.swift; path = Champion.swift; sourceTree = "<group>"; };
		A5D55E471FB4F58600B387AF /* champion.json */ = {isa = PBXFileReference; fileEncoding = 4; lastKnownFileType = text.json; path = champion.json; sourceTree = "<group>"; };
		A5D55E491FB5050800B387AF /* program.json */ = {isa = PBXFileReference; fileEncoding = 4; lastKnownFileType = text.json; path = program.json; sourceTree = "<group>"; };
		A5D55E4B1FB5083100B387AF /* Program.swift */ = {isa = PBXFileReference; lastKnownFileType = sourcecode.swift; path = Program.swift; sourceTree = "<group>"; };
/* End PBXFileReference section */

/* Begin PBXFrameworksBuildPhase section */
		A5BD5A991FB3A71C005105A0 /* Frameworks */ = {
			isa = PBXFrameworksBuildPhase;
			buildActionMask = 2147483647;
			files = (
			);
			runOnlyForDeploymentPostprocessing = 0;
		};
/* End PBXFrameworksBuildPhase section */

/* Begin PBXGroup section */
		5C6FC66D1FB61FD900F131BD /* Networking */ = {
			isa = PBXGroup;
			children = (
				5C6FC66E1FB6200B00F131BD /* APIRequestOperation.swift */,
				5C6FC6721FB63D0C00F131BD /* APIRequest.swift */,
				5C6FC6741FB64BA100F131BD /* Operation.swift */,
				5C6FC6761FB64C4D00F131BD /* HTTP.swift */,
				5C6FC6781FB64DDC00F131BD /* ChampionRequests.swift */,
				5C6FC67B1FB655E100F131BD /* OurDecoders.swift */,
			);
			path = Networking;
			sourceTree = "<group>";
		};
		5C6FC67D1FB6572300F131BD /* Service */ = {
			isa = PBXGroup;
			children = (
				5C6FC67E1FB6573B00F131BD /* ChampionService.swift */,
			);
			path = Service;
			sourceTree = "<group>";
		};
		A5B8737B1FBCB14800F78443 /* Extensions */ = {
			isa = PBXGroup;
			children = (
				A5B8737C1FBCB14800F78443 /* DateFormatter+Extensions.swift */,
				A5B8737D1FBCB14800F78443 /* UIColor+Extensions.swift */,
				A5B8737E1FBCB14800F78443 /* URL+Extensions.swift */,
			);
			path = Extensions;
			sourceTree = "<group>";
		};
		A5BD5A931FB3A71C005105A0 = {
			isa = PBXGroup;
			children = (
				A5BD5A9E1FB3A71C005105A0 /* CodableExample */,
				A5BD5A9D1FB3A71C005105A0 /* Products */,
			);
			sourceTree = "<group>";
		};
		A5BD5A9D1FB3A71C005105A0 /* Products */ = {
			isa = PBXGroup;
			children = (
				A5BD5A9C1FB3A71C005105A0 /* CodableExample.app */,
			);
			name = Products;
			sourceTree = "<group>";
		};
		A5BD5A9E1FB3A71C005105A0 /* CodableExample */ = {
			isa = PBXGroup;
			children = (
				A5B8737B1FBCB14800F78443 /* Extensions */,
				5C6FC67D1FB6572300F131BD /* Service */,
				5C6FC66D1FB61FD900F131BD /* Networking */,
				A5D55E441FB4F4DF00B387AF /* Data */,
				A5D55E451FB4F4E800B387AF /* Models */,
				A5BD5A9F1FB3A71C005105A0 /* AppDelegate.swift */,
				A5BD5AA11FB3A71C005105A0 /* ViewController.swift */,
				A5BD5AA31FB3A71C005105A0 /* Main.storyboard */,
				A5BD5AA61FB3A71C005105A0 /* Assets.xcassets */,
				A5BD5AA81FB3A71C005105A0 /* LaunchScreen.storyboard */,
				A5BD5AAB1FB3A71C005105A0 /* Info.plist */,
			);
			path = CodableExample;
			sourceTree = "<group>";
		};
		A5D55E441FB4F4DF00B387AF /* Data */ = {
			isa = PBXGroup;
			children = (
				A5D55E471FB4F58600B387AF /* champion.json */,
				A5D55E491FB5050800B387AF /* program.json */,
				A5138F9C1FC5F6B6000EE42A /* feedPost.json */,
				A5138F9E1FC5F6C8000EE42A /* spacePost.json */,
				A5138FA21FC63277000EE42A /* space.json */,
			);
			path = Data;
			sourceTree = "<group>";
		};
		A5D55E451FB4F4E800B387AF /* Models */ = {
			isa = PBXGroup;
			children = (
				A5138F9A1FC5F1B4000EE42A /* ArtifactSkeleton.swift */,
				A5B873711FBCB0DF00F78443 /* MediaSkeleton.swift */,
				A5BD5AB11FB3A746005105A0 /* Image.swift */,
				A5BD5AB31FB3A82C005105A0 /* Champion.swift */,
				A5138F981FC4DF7A000EE42A /* User.swift */,
				A5B8736B1FBCAFBA00F78443 /* ProgramSection.swift */,
				A5B8736F1FBCB02900F78443 /* Review.swift */,
				A5D55E4B1FB5083100B387AF /* Program.swift */,
				A5138F961FC4DE10000EE42A /* Post.swift */,
				A5138FA01FC6032C000EE42A /* MarkupToken.swift */,
			);
			path = Models;
			sourceTree = "<group>";
		};
/* End PBXGroup section */

/* Begin PBXNativeTarget section */
		A5BD5A9B1FB3A71C005105A0 /* CodableExample */ = {
			isa = PBXNativeTarget;
			buildConfigurationList = A5BD5AAE1FB3A71C005105A0 /* Build configuration list for PBXNativeTarget "CodableExample" */;
			buildPhases = (
				A5BD5A981FB3A71C005105A0 /* Sources */,
				A5BD5A991FB3A71C005105A0 /* Frameworks */,
				A5BD5A9A1FB3A71C005105A0 /* Resources */,
			);
			buildRules = (
			);
			dependencies = (
			);
			name = CodableExample;
			productName = CodableExample;
			productReference = A5BD5A9C1FB3A71C005105A0 /* CodableExample.app */;
			productType = "com.apple.product-type.application";
		};
/* End PBXNativeTarget section */

/* Begin PBXProject section */
		A5BD5A941FB3A71C005105A0 /* Project object */ = {
			isa = PBXProject;
			attributes = {
				LastSwiftUpdateCheck = 0910;
				LastUpgradeCheck = 0910;
				ORGANIZATIONNAME = "Melissa Guba";
				TargetAttributes = {
					A5BD5A9B1FB3A71C005105A0 = {
						CreatedOnToolsVersion = 9.1;
						ProvisioningStyle = Automatic;
					};
				};
			};
			buildConfigurationList = A5BD5A971FB3A71C005105A0 /* Build configuration list for PBXProject "CodableExample" */;
			compatibilityVersion = "Xcode 8.0";
			developmentRegion = en;
			hasScannedForEncodings = 0;
			knownRegions = (
				en,
				Base,
			);
			mainGroup = A5BD5A931FB3A71C005105A0;
			productRefGroup = A5BD5A9D1FB3A71C005105A0 /* Products */;
			projectDirPath = "";
			projectRoot = "";
			targets = (
				A5BD5A9B1FB3A71C005105A0 /* CodableExample */,
			);
		};
/* End PBXProject section */

/* Begin PBXResourcesBuildPhase section */
		A5BD5A9A1FB3A71C005105A0 /* Resources */ = {
			isa = PBXResourcesBuildPhase;
			buildActionMask = 2147483647;
			files = (
				A5D55E481FB4F58600B387AF /* champion.json in Resources */,
				A5138F9F1FC5F6C8000EE42A /* spacePost.json in Resources */,
				A5138F9D1FC5F6B6000EE42A /* feedPost.json in Resources */,
				A5D55E4A1FB5050900B387AF /* program.json in Resources */,
				A5BD5AAA1FB3A71C005105A0 /* LaunchScreen.storyboard in Resources */,
				A5BD5AA71FB3A71C005105A0 /* Assets.xcassets in Resources */,
				A5138FA31FC63277000EE42A /* space.json in Resources */,
				A5BD5AA51FB3A71C005105A0 /* Main.storyboard in Resources */,
			);
			runOnlyForDeploymentPostprocessing = 0;
		};
/* End PBXResourcesBuildPhase section */

/* Begin PBXSourcesBuildPhase section */
		A5BD5A981FB3A71C005105A0 /* Sources */ = {
			isa = PBXSourcesBuildPhase;
			buildActionMask = 2147483647;
			files = (
				5C6FC67F1FB6573B00F131BD /* ChampionService.swift in Sources */,
				A5BD5AB41FB3A82C005105A0 /* Champion.swift in Sources */,
				A5B873721FBCB0DF00F78443 /* MediaSkeleton.swift in Sources */,
				A5138FA11FC6032C000EE42A /* MarkupToken.swift in Sources */,
				A5138F9B1FC5F1B4000EE42A /* ArtifactSkeleton.swift in Sources */,
				A5D55E4C1FB5083100B387AF /* Program.swift in Sources */,
				5C6FC66F1FB6200B00F131BD /* APIRequestOperation.swift in Sources */,
				5C6FC67C1FB655E100F131BD /* OurDecoders.swift in Sources */,
				A5B8737F1FBCB14800F78443 /* DateFormatter+Extensions.swift in Sources */,
				A5B8736C1FBCAFBA00F78443 /* ProgramSection.swift in Sources */,
				5C6FC6771FB64C4D00F131BD /* HTTP.swift in Sources */,
				A5B873701FBCB02900F78443 /* Review.swift in Sources */,
				A5BD5AA21FB3A71C005105A0 /* ViewController.swift in Sources */,
				A5BD5AB21FB3A746005105A0 /* Image.swift in Sources */,
				5C6FC6791FB64DDC00F131BD /* ChampionRequests.swift in Sources */,
				A5138F991FC4DF7A000EE42A /* User.swift in Sources */,
				A5B873811FBCB14800F78443 /* URL+Extensions.swift in Sources */,
				5C6FC6751FB64BA100F131BD /* Operation.swift in Sources */,
				5C6FC6731FB63D0C00F131BD /* APIRequest.swift in Sources */,
				A5138F971FC4DE10000EE42A /* Post.swift in Sources */,
				A5B873801FBCB14800F78443 /* UIColor+Extensions.swift in Sources */,
				A5BD5AA01FB3A71C005105A0 /* AppDelegate.swift in Sources */,
			);
			runOnlyForDeploymentPostprocessing = 0;
		};
/* End PBXSourcesBuildPhase section */

/* Begin PBXVariantGroup section */
		A5BD5AA31FB3A71C005105A0 /* Main.storyboard */ = {
			isa = PBXVariantGroup;
			children = (
				A5BD5AA41FB3A71C005105A0 /* Base */,
			);
			name = Main.storyboard;
			sourceTree = "<group>";
		};
		A5BD5AA81FB3A71C005105A0 /* LaunchScreen.storyboard */ = {
			isa = PBXVariantGroup;
			children = (
				A5BD5AA91FB3A71C005105A0 /* Base */,
			);
			name = LaunchScreen.storyboard;
			sourceTree = "<group>";
		};
/* End PBXVariantGroup section */

/* Begin XCBuildConfiguration section */
		A5BD5AAC1FB3A71C005105A0 /* Debug */ = {
			isa = XCBuildConfiguration;
			buildSettings = {
				ALWAYS_SEARCH_USER_PATHS = NO;
				CLANG_ANALYZER_NONNULL = YES;
				CLANG_ANALYZER_NUMBER_OBJECT_CONVERSION = YES_AGGRESSIVE;
				CLANG_CXX_LANGUAGE_STANDARD = "gnu++14";
				CLANG_CXX_LIBRARY = "libc++";
				CLANG_ENABLE_MODULES = YES;
				CLANG_ENABLE_OBJC_ARC = YES;
				CLANG_WARN_BLOCK_CAPTURE_AUTORELEASING = YES;
				CLANG_WARN_BOOL_CONVERSION = YES;
				CLANG_WARN_COMMA = YES;
				CLANG_WARN_CONSTANT_CONVERSION = YES;
				CLANG_WARN_DIRECT_OBJC_ISA_USAGE = YES_ERROR;
				CLANG_WARN_DOCUMENTATION_COMMENTS = YES;
				CLANG_WARN_EMPTY_BODY = YES;
				CLANG_WARN_ENUM_CONVERSION = YES;
				CLANG_WARN_INFINITE_RECURSION = YES;
				CLANG_WARN_INT_CONVERSION = YES;
				CLANG_WARN_NON_LITERAL_NULL_CONVERSION = YES;
				CLANG_WARN_OBJC_LITERAL_CONVERSION = YES;
				CLANG_WARN_OBJC_ROOT_CLASS = YES_ERROR;
				CLANG_WARN_RANGE_LOOP_ANALYSIS = YES;
				CLANG_WARN_STRICT_PROTOTYPES = YES;
				CLANG_WARN_SUSPICIOUS_MOVE = YES;
				CLANG_WARN_UNGUARDED_AVAILABILITY = YES_AGGRESSIVE;
				CLANG_WARN_UNREACHABLE_CODE = YES;
				CLANG_WARN__DUPLICATE_METHOD_MATCH = YES;
				CODE_SIGN_IDENTITY = "iPhone Developer";
				COPY_PHASE_STRIP = NO;
				DEBUG_INFORMATION_FORMAT = dwarf;
				ENABLE_STRICT_OBJC_MSGSEND = YES;
				ENABLE_TESTABILITY = YES;
				GCC_C_LANGUAGE_STANDARD = gnu11;
				GCC_DYNAMIC_NO_PIC = NO;
				GCC_NO_COMMON_BLOCKS = YES;
				GCC_OPTIMIZATION_LEVEL = 0;
				GCC_PREPROCESSOR_DEFINITIONS = (
					"DEBUG=1",
					"$(inherited)",
				);
				GCC_WARN_64_TO_32_BIT_CONVERSION = YES;
				GCC_WARN_ABOUT_RETURN_TYPE = YES_ERROR;
				GCC_WARN_UNDECLARED_SELECTOR = YES;
				GCC_WARN_UNINITIALIZED_AUTOS = YES_AGGRESSIVE;
				GCC_WARN_UNUSED_FUNCTION = YES;
				GCC_WARN_UNUSED_VARIABLE = YES;
				IPHONEOS_DEPLOYMENT_TARGET = 11.1;
				MTL_ENABLE_DEBUG_INFO = YES;
				ONLY_ACTIVE_ARCH = YES;
				SDKROOT = iphoneos;
				SWIFT_ACTIVE_COMPILATION_CONDITIONS = DEBUG;
				SWIFT_OPTIMIZATION_LEVEL = "-Onone";
			};
			name = Debug;
		};
		A5BD5AAD1FB3A71C005105A0 /* Release */ = {
			isa = XCBuildConfiguration;
			buildSettings = {
				ALWAYS_SEARCH_USER_PATHS = NO;
				CLANG_ANALYZER_NONNULL = YES;
				CLANG_ANALYZER_NUMBER_OBJECT_CONVERSION = YES_AGGRESSIVE;
				CLANG_CXX_LANGUAGE_STANDARD = "gnu++14";
				CLANG_CXX_LIBRARY = "libc++";
				CLANG_ENABLE_MODULES = YES;
				CLANG_ENABLE_OBJC_ARC = YES;
				CLANG_WARN_BLOCK_CAPTURE_AUTORELEASING = YES;
				CLANG_WARN_BOOL_CONVERSION = YES;
				CLANG_WARN_COMMA = YES;
				CLANG_WARN_CONSTANT_CONVERSION = YES;
				CLANG_WARN_DIRECT_OBJC_ISA_USAGE = YES_ERROR;
				CLANG_WARN_DOCUMENTATION_COMMENTS = YES;
				CLANG_WARN_EMPTY_BODY = YES;
				CLANG_WARN_ENUM_CONVERSION = YES;
				CLANG_WARN_INFINITE_RECURSION = YES;
				CLANG_WARN_INT_CONVERSION = YES;
				CLANG_WARN_NON_LITERAL_NULL_CONVERSION = YES;
				CLANG_WARN_OBJC_LITERAL_CONVERSION = YES;
				CLANG_WARN_OBJC_ROOT_CLASS = YES_ERROR;
				CLANG_WARN_RANGE_LOOP_ANALYSIS = YES;
				CLANG_WARN_STRICT_PROTOTYPES = YES;
				CLANG_WARN_SUSPICIOUS_MOVE = YES;
				CLANG_WARN_UNGUARDED_AVAILABILITY = YES_AGGRESSIVE;
				CLANG_WARN_UNREACHABLE_CODE = YES;
				CLANG_WARN__DUPLICATE_METHOD_MATCH = YES;
				CODE_SIGN_IDENTITY = "iPhone Developer";
				COPY_PHASE_STRIP = NO;
				DEBUG_INFORMATION_FORMAT = "dwarf-with-dsym";
				ENABLE_NS_ASSERTIONS = NO;
				ENABLE_STRICT_OBJC_MSGSEND = YES;
				GCC_C_LANGUAGE_STANDARD = gnu11;
				GCC_NO_COMMON_BLOCKS = YES;
				GCC_WARN_64_TO_32_BIT_CONVERSION = YES;
				GCC_WARN_ABOUT_RETURN_TYPE = YES_ERROR;
				GCC_WARN_UNDECLARED_SELECTOR = YES;
				GCC_WARN_UNINITIALIZED_AUTOS = YES_AGGRESSIVE;
				GCC_WARN_UNUSED_FUNCTION = YES;
				GCC_WARN_UNUSED_VARIABLE = YES;
				IPHONEOS_DEPLOYMENT_TARGET = 11.1;
				MTL_ENABLE_DEBUG_INFO = NO;
				SDKROOT = iphoneos;
				SWIFT_OPTIMIZATION_LEVEL = "-Owholemodule";
				VALIDATE_PRODUCT = YES;
			};
			name = Release;
		};
		A5BD5AAF1FB3A71C005105A0 /* Debug */ = {
			isa = XCBuildConfiguration;
			buildSettings = {
				ASSETCATALOG_COMPILER_APPICON_NAME = AppIcon;
				CODE_SIGN_STYLE = Automatic;
				DEVELOPMENT_TEAM = YLT752DDA2;
				INFOPLIST_FILE = CodableExample/Info.plist;
				LD_RUNPATH_SEARCH_PATHS = "$(inherited) @executable_path/Frameworks";
				PRODUCT_BUNDLE_IDENTIFIER = MG.CodableExample;
				PRODUCT_NAME = "$(TARGET_NAME)";
				SWIFT_VERSION = 4.0;
				TARGETED_DEVICE_FAMILY = "1,2";
			};
			name = Debug;
		};
		A5BD5AB01FB3A71C005105A0 /* Release */ = {
			isa = XCBuildConfiguration;
			buildSettings = {
				ASSETCATALOG_COMPILER_APPICON_NAME = AppIcon;
				CODE_SIGN_STYLE = Automatic;
				DEVELOPMENT_TEAM = YLT752DDA2;
				INFOPLIST_FILE = CodableExample/Info.plist;
				LD_RUNPATH_SEARCH_PATHS = "$(inherited) @executable_path/Frameworks";
				PRODUCT_BUNDLE_IDENTIFIER = MG.CodableExample;
				PRODUCT_NAME = "$(TARGET_NAME)";
				SWIFT_VERSION = 4.0;
				TARGETED_DEVICE_FAMILY = "1,2";
			};
			name = Release;
		};
/* End XCBuildConfiguration section */

/* Begin XCConfigurationList section */
		A5BD5A971FB3A71C005105A0 /* Build configuration list for PBXProject "CodableExample" */ = {
			isa = XCConfigurationList;
			buildConfigurations = (
				A5BD5AAC1FB3A71C005105A0 /* Debug */,
				A5BD5AAD1FB3A71C005105A0 /* Release */,
			);
			defaultConfigurationIsVisible = 0;
			defaultConfigurationName = Release;
		};
		A5BD5AAE1FB3A71C005105A0 /* Build configuration list for PBXNativeTarget "CodableExample" */ = {
			isa = XCConfigurationList;
			buildConfigurations = (
				A5BD5AAF1FB3A71C005105A0 /* Debug */,
				A5BD5AB01FB3A71C005105A0 /* Release */,
			);
			defaultConfigurationIsVisible = 0;
			defaultConfigurationName = Release;
		};
/* End XCConfigurationList section */
	};
	rootObject = A5BD5A941FB3A71C005105A0 /* Project object */;
}
